// !$*UTF8*$!
{
	archiveVersion = 1;
	classes = {
	};
	objectVersion = 46;
	objects = {

/* Begin PBXBuildFile section */
		8469A5F31BA86E80006BCE71 /* main.m in Sources */ = {isa = PBXBuildFile; fileRef = 8469A5F21BA86E80006BCE71 /* main.m */; };
		8469A5F61BA86E80006BCE71 /* AppDelegate.m in Sources */ = {isa = PBXBuildFile; fileRef = 8469A5F51BA86E80006BCE71 /* AppDelegate.m */; };
		8469A5F91BA86E80006BCE71 /* ViewController.m in Sources */ = {isa = PBXBuildFile; fileRef = 8469A5F81BA86E80006BCE71 /* ViewController.m */; };
		8469A5FC1BA86E80006BCE71 /* Main.storyboard in Resources */ = {isa = PBXBuildFile; fileRef = 8469A5FA1BA86E80006BCE71 /* Main.storyboard */; };
		8469A5FE1BA86E80006BCE71 /* Images.xcassets in Resources */ = {isa = PBXBuildFile; fileRef = 8469A5FD1BA86E80006BCE71 /* Images.xcassets */; };
		8469A6011BA86E80006BCE71 /* LaunchScreen.xib in Resources */ = {isa = PBXBuildFile; fileRef = 8469A5FF1BA86E80006BCE71 /* LaunchScreen.xib */; };
		8469A60D1BA86E80006BCE71 /* yueFMTests.m in Sources */ = {isa = PBXBuildFile; fileRef = 8469A60C1BA86E80006BCE71 /* yueFMTests.m */; };
/* End PBXBuildFile section */

/* Begin PBXContainerItemProxy section */
		8469A6071BA86E80006BCE71 /* PBXContainerItemProxy */ = {
			isa = PBXContainerItemProxy;
			containerPortal = 8469A5E51BA86E80006BCE71 /* Project object */;
			proxyType = 1;
			remoteGlobalIDString = 8469A5EC1BA86E80006BCE71;
			remoteInfo = yueFM;
		};
/* End PBXContainerItemProxy section */

/* Begin PBXFileReference section */
		8469A5ED1BA86E80006BCE71 /* yueFM.app */ = {isa = PBXFileReference; explicitFileType = wrapper.application; includeInIndex = 0; path = yueFM.app; sourceTree = BUILT_PRODUCTS_DIR; };
		8469A5F11BA86E80006BCE71 /* Info.plist */ = {isa = PBXFileReference; lastKnownFileType = text.plist.xml; path = Info.plist; sourceTree = "<group>"; };
		8469A5F21BA86E80006BCE71 /* main.m */ = {isa = PBXFileReference; lastKnownFileType = sourcecode.c.objc; path = main.m; sourceTree = "<group>"; };
		8469A5F41BA86E80006BCE71 /* AppDelegate.h */ = {isa = PBXFileReference; lastKnownFileType = sourcecode.c.h; path = AppDelegate.h; sourceTree = "<group>"; };
		8469A5F51BA86E80006BCE71 /* AppDelegate.m */ = {isa = PBXFileReference; lastKnownFileType = sourcecode.c.objc; path = AppDelegate.m; sourceTree = "<group>"; };
		8469A5F71BA86E80006BCE71 /* ViewController.h */ = {isa = PBXFileReference; lastKnownFileType = sourcecode.c.h; path = ViewController.h; sourceTree = "<group>"; };
		8469A5F81BA86E80006BCE71 /* ViewController.m */ = {isa = PBXFileReference; lastKnownFileType = sourcecode.c.objc; path = ViewController.m; sourceTree = "<group>"; };
		8469A5FB1BA86E80006BCE71 /* Base */ = {isa = PBXFileReference; lastKnownFileType = file.storyboard; name = Base; path = Base.lproj/Main.storyboard; sourceTree = "<group>"; };
		8469A5FD1BA86E80006BCE71 /* Images.xcassets */ = {isa = PBXFileReference; lastKnownFileType = folder.assetcatalog; path = Images.xcassets; sourceTree = "<group>"; };
		8469A6001BA86E80006BCE71 /* Base */ = {isa = PBXFileReference; lastKnownFileType = file.xib; name = Base; path = Base.lproj/LaunchScreen.xib; sourceTree = "<group>"; };
		8469A6061BA86E80006BCE71 /* yueFMTests.xctest */ = {isa = PBXFileReference; explicitFileType = wrapper.cfbundle; includeInIndex = 0; path = yueFMTests.xctest; sourceTree = BUILT_PRODUCTS_DIR; };
		8469A60B1BA86E80006BCE71 /* Info.plist */ = {isa = PBXFileReference; lastKnownFileType = text.plist.xml; path = Info.plist; sourceTree = "<group>"; };
		8469A60C1BA86E80006BCE71 /* yueFMTests.m */ = {isa = PBXFileReference; lastKnownFileType = sourcecode.c.objc; path = yueFMTests.m; sourceTree = "<group>"; };
/* End PBXFileReference section */

/* Begin PBXFrameworksBuildPhase section */
		8469A5EA1BA86E80006BCE71 /* Frameworks */ = {
			isa = PBXFrameworksBuildPhase;
			buildActionMask = 2147483647;
			files = (
			);
			runOnlyForDeploymentPostprocessing = 0;
		};
		8469A6031BA86E80006BCE71 /* Frameworks */ = {
			isa = PBXFrameworksBuildPhase;
			buildActionMask = 2147483647;
			files = (
			);
			runOnlyForDeploymentPostprocessing = 0;
		};
/* End PBXFrameworksBuildPhase section */

/* Begin PBXGroup section */
		8469A5E41BA86E80006BCE71 = {
			isa = PBXGroup;
			children = (
				8469A5EF1BA86E80006BCE71 /* yueFM */,
				8469A6091BA86E80006BCE71 /* yueFMTests */,
				8469A5EE1BA86E80006BCE71 /* Products */,
			);
			sourceTree = "<group>";
		};
		8469A5EE1BA86E80006BCE71 /* Products */ = {
			isa = PBXGroup;
			children = (
				8469A5ED1BA86E80006BCE71 /* yueFM.app */,
				8469A6061BA86E80006BCE71 /* yueFMTests.xctest */,
			);
			name = Products;
			sourceTree = "<group>";
		};
		8469A5EF1BA86E80006BCE71 /* yueFM */ = {
			isa = PBXGroup;
			children = (
				8469A5F41BA86E80006BCE71 /* AppDelegate.h */,
				8469A5F51BA86E80006BCE71 /* AppDelegate.m */,
				8469A5F71BA86E80006BCE71 /* ViewController.h */,
				8469A5F81BA86E80006BCE71 /* ViewController.m */,
				8469A5FA1BA86E80006BCE71 /* Main.storyboard */,
				8469A5FD1BA86E80006BCE71 /* Images.xcassets */,
				8469A5FF1BA86E80006BCE71 /* LaunchScreen.xib */,
				8469A5F01BA86E80006BCE71 /* Supporting Files */,
			);
			path = yueFM;
			sourceTree = "<group>";
		};
		8469A5F01BA86E80006BCE71 /* Supporting Files */ = {
			isa = PBXGroup;
			children = (
				8469A5F11BA86E80006BCE71 /* Info.plist */,
				8469A5F21BA86E80006BCE71 /* main.m */,
			);
			name = "Supporting Files";
			sourceTree = "<group>";
		};
		8469A6091BA86E80006BCE71 /* yueFMTests */ = {
			isa = PBXGroup;
			children = (
				8469A60C1BA86E80006BCE71 /* yueFMTests.m */,
				8469A60A1BA86E80006BCE71 /* Supporting Files */,
			);
			path = yueFMTests;
			sourceTree = "<group>";
		};
		8469A60A1BA86E80006BCE71 /* Supporting Files */ = {
			isa = PBXGroup;
			children = (
				8469A60B1BA86E80006BCE71 /* Info.plist */,
			);
			name = "Supporting Files";
			sourceTree = "<group>";
		};
/* End PBXGroup section */

/* Begin PBXNativeTarget section */
		8469A5EC1BA86E80006BCE71 /* yueFM */ = {
			isa = PBXNativeTarget;
			buildConfigurationList = 8469A6101BA86E80006BCE71 /* Build configuration list for PBXNativeTarget "yueFM" */;
			buildPhases = (
				8469A5E91BA86E80006BCE71 /* Sources */,
				8469A5EA1BA86E80006BCE71 /* Frameworks */,
				8469A5EB1BA86E80006BCE71 /* Resources */,
			);
			buildRules = (
			);
			dependencies = (
			);
			name = yueFM;
			productName = yueFM;
			productReference = 8469A5ED1BA86E80006BCE71 /* yueFM.app */;
			productType = "com.apple.product-type.application";
		};
		8469A6051BA86E80006BCE71 /* yueFMTests */ = {
			isa = PBXNativeTarget;
			buildConfigurationList = 8469A6131BA86E80006BCE71 /* Build configuration list for PBXNativeTarget "yueFMTests" */;
			buildPhases = (
				8469A6021BA86E80006BCE71 /* Sources */,
				8469A6031BA86E80006BCE71 /* Frameworks */,
				8469A6041BA86E80006BCE71 /* Resources */,
			);
			buildRules = (
			);
			dependencies = (
				8469A6081BA86E80006BCE71 /* PBXTargetDependency */,
			);
			name = yueFMTests;
			productName = yueFMTests;
			productReference = 8469A6061BA86E80006BCE71 /* yueFMTests.xctest */;
			productType = "com.apple.product-type.bundle.unit-test";
		};
/* End PBXNativeTarget section */

/* Begin PBXProject section */
		8469A5E51BA86E80006BCE71 /* Project object */ = {
			isa = PBXProject;
			attributes = {
				LastUpgradeCheck = 0640;
				ORGANIZATIONNAME = "李懿哲";
				TargetAttributes = {
					8469A5EC1BA86E80006BCE71 = {
						CreatedOnToolsVersion = 6.4;
					};
					8469A6051BA86E80006BCE71 = {
						CreatedOnToolsVersion = 6.4;
						TestTargetID = 8469A5EC1BA86E80006BCE71;
					};
				};
			};
			buildConfigurationList = 8469A5E81BA86E80006BCE71 /* Build configuration list for PBXProject "yueFM" */;
			compatibilityVersion = "Xcode 3.2";
			developmentRegion = English;
			hasScannedForEncodings = 0;
			knownRegions = (
				en,
				Base,
			);
			mainGroup = 8469A5E41BA86E80006BCE71;
			productRefGroup = 8469A5EE1BA86E80006BCE71 /* Products */;
			projectDirPath = "";
			projectRoot = "";
			targets = (
				8469A5EC1BA86E80006BCE71 /* yueFM */,
				8469A6051BA86E80006BCE71 /* yueFMTests */,
			);
		};
/* End PBXProject section */

/* Begin PBXResourcesBuildPhase section */
		8469A5EB1BA86E80006BCE71 /* Resources */ = {
			isa = PBXResourcesBuildPhase;
			buildActionMask = 2147483647;
			files = (
				8469A5FC1BA86E80006BCE71 /* Main.storyboard in Resources */,
				8469A6011BA86E80006BCE71 /* LaunchScreen.xib in Resources */,
				8469A5FE1BA86E80006BCE71 /* Images.xcassets in Resources */,
			);
			runOnlyForDeploymentPostprocessing = 0;
		};
		8469A6041BA86E80006BCE71 /* Resources */ = {
			isa = PBXResourcesBuildPhase;
			buildActionMask = 2147483647;
			files = (
			);
			runOnlyForDeploymentPostprocessing = 0;
		};
/* End PBXResourcesBuildPhase section */

/* Begin PBXSourcesBuildPhase section */
		8469A5E91BA86E80006BCE71 /* Sources */ = {
			isa = PBXSourcesBuildPhase;
			buildActionMask = 2147483647;
			files = (
				8469A5F91BA86E80006BCE71 /* ViewController.m in Sources */,
				8469A5F61BA86E80006BCE71 /* AppDelegate.m in Sources */,
				8469A5F31BA86E80006BCE71 /* main.m in Sources */,
			);
			runOnlyForDeploymentPostprocessing = 0;
		};
		8469A6021BA86E80006BCE71 /* Sources */ = {
			isa = PBXSourcesBuildPhase;
			buildActionMask = 2147483647;
			files = (
				8469A60D1BA86E80006BCE71 /* yueFMTests.m in Sources */,
			);
			runOnlyForDeploymentPostprocessing = 0;
		};
/* End PBXSourcesBuildPhase section */

/* Begin PBXTargetDependency section */
		8469A6081BA86E80006BCE71 /* PBXTargetDependency */ = {
			isa = PBXTargetDependency;
			target = 8469A5EC1BA86E80006BCE71 /* yueFM */;
			targetProxy = 8469A6071BA86E80006BCE71 /* PBXContainerItemProxy */;
		};
/* End PBXTargetDependency section */

/* Begin PBXVariantGroup section */
		8469A5FA1BA86E80006BCE71 /* Main.storyboard */ = {
			isa = PBXVariantGroup;
			children = (
				8469A5FB1BA86E80006BCE71 /* Base */,
			);
			name = Main.storyboard;
			sourceTree = "<group>";
		};
		8469A5FF1BA86E80006BCE71 /* LaunchScreen.xib */ = {
			isa = PBXVariantGroup;
			children = (
				8469A6001BA86E80006BCE71 /* Base */,
			);
			name = LaunchScreen.xib;
			sourceTree = "<group>";
		};
/* End PBXVariantGroup section */

/* Begin XCBuildConfiguration section */
		8469A60E1BA86E80006BCE71 /* Debug */ = {
			isa = XCBuildConfiguration;
			buildSettings = {
				ALWAYS_SEARCH_USER_PATHS = NO;
				CLANG_CXX_LANGUAGE_STANDARD = "gnu++0x";
				CLANG_CXX_LIBRARY = "libc++";
				CLANG_ENABLE_MODULES = YES;
				CLANG_ENABLE_OBJC_ARC = YES;
				CLANG_WARN_BOOL_CONVERSION = YES;
				CLANG_WARN_CONSTANT_CONVERSION = YES;
				CLANG_WARN_DIRECT_OBJC_ISA_USAGE = YES_ERROR;
				CLANG_WARN_EMPTY_BODY = YES;
				CLANG_WARN_ENUM_CONVERSION = YES;
				CLANG_WARN_INT_CONVERSION = YES;
				CLANG_WARN_OBJC_ROOT_CLASS = YES_ERROR;
				CLANG_WARN_UNREACHABLE_CODE = YES;
				CLANG_WARN__DUPLICATE_METHOD_MATCH = YES;
				"CODE_SIGN_IDENTITY[sdk=iphoneos*]" = "iPhone Developer";
				COPY_PHASE_STRIP = NO;
				DEBUG_INFORMATION_FORMAT = "dwarf-with-dsym";
				ENABLE_STRICT_OBJC_MSGSEND = YES;
				GCC_C_LANGUAGE_STANDARD = gnu99;
				GCC_DYNAMIC_NO_PIC = NO;
				GCC_NO_COMMON_BLOCKS = YES;
				GCC_OPTIMIZATION_LEVEL = 0;
				GCC_PREPROCESSOR_DEFINITIONS = (
					"DEBUG=1",
					"$(inherited)",
				);
				GCC_SYMBOLS_PRIVATE_EXTERN = NO;
				GCC_WARN_64_TO_32_BIT_CONVERSION = YES;
				GCC_WARN_ABOUT_RETURN_TYPE = YES_ERROR;
				GCC_WARN_UNDECLARED_SELECTOR = YES;
				GCC_WARN_UNINITIALIZED_AUTOS = YES_AGGRESSIVE;
				GCC_WARN_UNUSED_FUNCTION = YES;
				GCC_WARN_UNUSED_VARIABLE = YES;
				IPHONEOS_DEPLOYMENT_TARGET = 8.4;
				MTL_ENABLE_DEBUG_INFO = YES;
				ONLY_ACTIVE_ARCH = YES;
				SDKROOT = iphoneos;
			};
			name = Debug;
		};
		8469A60F1BA86E80006BCE71 /* Release */ = {
			isa = XCBuildConfiguration;
			buildSettings = {
				ALWAYS_SEARCH_USER_PATHS = NO;
				CLANG_CXX_LANGUAGE_STANDARD = "gnu++0x";
				CLANG_CXX_LIBRARY = "libc++";
				CLANG_ENABLE_MODULES = YES;
				CLANG_ENABLE_OBJC_ARC = YES;
				CLANG_WARN_BOOL_CONVERSION = YES;
				CLANG_WARN_CONSTANT_CONVERSION = YES;
				CLANG_WARN_DIRECT_OBJC_ISA_USAGE = YES_ERROR;
				CLANG_WARN_EMPTY_BODY = YES;
				CLANG_WARN_ENUM_CONVERSION = YES;
				CLANG_WARN_INT_CONVERSION = YES;
				CLANG_WARN_OBJC_ROOT_CLASS = YES_ERROR;
				CLANG_WARN_UNREACHABLE_CODE = YES;
				CLANG_WARN__DUPLICATE_METHOD_MATCH = YES;
				"CODE_SIGN_IDENTITY[sdk=iphoneos*]" = "iPhone Developer";
				COPY_PHASE_STRIP = NO;
				DEBUG_INFORMATION_FORMAT = "dwarf-with-dsym";
				ENABLE_NS_ASSERTIONS = NO;
				ENABLE_STRICT_OBJC_MSGSEND = YES;
				GCC_C_LANGUAGE_STANDARD = gnu99;
				GCC_NO_COMMON_BLOCKS = YES;
				GCC_WARN_64_TO_32_BIT_CONVERSION = YES;
				GCC_WARN_ABOUT_RETURN_TYPE = YES_ERROR;
				GCC_WARN_UNDECLARED_SELECTOR = YES;
				GCC_WARN_UNINITIALIZED_AUTOS = YES_AGGRESSIVE;
				GCC_WARN_UNUSED_FUNCTION = YES;
				GCC_WARN_UNUSED_VARIABLE = YES;
				IPHONEOS_DEPLOYMENT_TARGET = 8.4;
				MTL_ENABLE_DEBUG_INFO = NO;
				SDKROOT = iphoneos;
				VALIDATE_PRODUCT = YES;
			};
			name = Release;
		};
		8469A6111BA86E80006BCE71 /* Debug */ = {
			isa = XCBuildConfiguration;
			buildSettings = {
				ASSETCATALOG_COMPILER_APPICON_NAME = AppIcon;
				INFOPLIST_FILE = yueFM/Info.plist;
				LD_RUNPATH_SEARCH_PATHS = "$(inherited) @executable_path/Frameworks";
				PRODUCT_NAME = "$(TARGET_NAME)";
			};
			name = Debug;
		};
		8469A6121BA86E80006BCE71 /* Release */ = {
			isa = XCBuildConfiguration;
			buildSettings = {
				ASSETCATALOG_COMPILER_APPICON_NAME = AppIcon;
				INFOPLIST_FILE = yueFM/Info.plist;
				LD_RUNPATH_SEARCH_PATHS = "$(inherited) @executable_path/Frameworks";
				PRODUCT_NAME = "$(TARGET_NAME)";
			};
			name = Release;
		};
		8469A6141BA86E80006BCE71 /* Debug */ = {
			isa = XCBuildConfiguration;
			buildSettings = {
				BUNDLE_LOADER = "$(TEST_HOST)";
				FRAMEWORK_SEARCH_PATHS = (
					"$(SDKROOT)/Developer/Library/Frameworks",
					"$(inherited)",
				);
				GCC_PREPROCESSOR_DEFINITIONS = (
					"DEBUG=1",
					"$(inherited)",
				);
				INFOPLIST_FILE = yueFMTests/Info.plist;
				LD_RUNPATH_SEARCH_PATHS = "$(inherited) @executable_path/Frameworks @loader_path/Frameworks";
				PRODUCT_NAME = "$(TARGET_NAME)";
				TEST_HOST = "$(BUILT_PRODUCTS_DIR)/yueFM.app/yueFM";
			};
			name = Debug;
		};
		8469A6151BA86E80006BCE71 /* Release */ = {
			isa = XCBuildConfiguration;
			buildSettings = {
				BUNDLE_LOADER = "$(TEST_HOST)";
				FRAMEWORK_SEARCH_PATHS = (
					"$(SDKROOT)/Developer/Library/Frameworks",
					"$(inherited)",
				);
				INFOPLIST_FILE = yueFMTests/Info.plist;
				LD_RUNPATH_SEARCH_PATHS = "$(inherited) @executable_path/Frameworks @loader_path/Frameworks";
				PRODUCT_NAME = "$(TARGET_NAME)";
				TEST_HOST = "$(BUILT_PRODUCTS_DIR)/yueFM.app/yueFM";
			};
			name = Release;
		};
/* End XCBuildConfiguration section */

/* Begin XCConfigurationList section */
		8469A5E81BA86E80006BCE71 /* Build configuration list for PBXProject "yueFM" */ = {
			isa = XCConfigurationList;
			buildConfigurations = (
				8469A60E1BA86E80006BCE71 /* Debug */,
				8469A60F1BA86E80006BCE71 /* Release */,
			);
			defaultConfigurationIsVisible = 0;
			defaultConfigurationName = Release;
		};
		8469A6101BA86E80006BCE71 /* Build configuration list for PBXNativeTarget "yueFM" */ = {
			isa = XCConfigurationList;
			buildConfigurations = (
				8469A6111BA86E80006BCE71 /* Debug */,
				8469A6121BA86E80006BCE71 /* Release */,
			);
			defaultConfigurationIsVisible = 0;
		};
		8469A6131BA86E80006BCE71 /* Build configuration list for PBXNativeTarget "yueFMTests" */ = {
			isa = XCConfigurationList;
			buildConfigurations = (
				8469A6141BA86E80006BCE71 /* Debug */,
				8469A6151BA86E80006BCE71 /* Release */,
			);
			defaultConfigurationIsVisible = 0;
		};
/* End XCConfigurationList section */
	};
	rootObject = 8469A5E51BA86E80006BCE71 /* Project object */;
}
